
Microsoft Visual Studio Solution File, Format Version 12.00
# Visual Studio Version 17
VisualStudioVersion = 17.5.002.0
MinimumVisualStudioVersion = 10.0.40219.1
Project("{9A19103F-16F7-4668-BE54-9A1E7A4F7556}") = "QuanLyHopDongVaKySo_CLIENT", "QuanLyHopDongVaKySo_CLIENT.csproj", "{E33C6BCB-D316-4B54-B3B4-8D8D4C6081C4}"
EndProject
Global
	GlobalSection(SolutionConfigurationPlatforms) = preSolution
		Debug|Any CPU = Debug|Any CPU
		Release|Any CPU = Release|Any CPU
	EndGlobalSection
	GlobalSection(ProjectConfigurationPlatforms) = postSolution
		{E33C6BCB-D316-4B54-B3B4-8D8D4C6081C4}.Debug|Any CPU.ActiveCfg = Debug|Any CPU
		{E33C6BCB-D316-4B54-B3B4-8D8D4C6081C4}.Debug|Any CPU.Build.0 = Debug|Any CPU
		{E33C6BCB-D316-4B54-B3B4-8D8D4C6081C4}.Release|Any CPU.ActiveCfg = Release|Any CPU
		{E33C6BCB-D316-4B54-B3B4-8D8D4C6081C4}.Release|Any CPU.Build.0 = Release|Any CPU
	EndGlobalSection
	GlobalSection(SolutionProperties) = preSolution
		HideSolutionNode = FALSE
	EndGlobalSection
	GlobalSection(ExtensibilityGlobals) = postSolution
		SolutionGuid = {2808A5F0-28AE-40BD-B255-C16E4D20EE78}
	EndGlobalSection
EndGlobal
